
Microsoft Visual Studio Solution File, Format Version 12.00
# Visual Studio 2013
VisualStudioVersion = 12.0.31101.0
MinimumVisualStudioVersion = 10.0.40219.1
Project("{581633EB-B896-402F-8E60-36F3DA191C85}") = "Application8", "Application8\Application8.lsxtproj", "{672ADBC1-6694-4744-9EBE-B49A50EC4E8F}"
EndProject
Project("{FAE04EC0-301F-11D3-BF4B-00C04F79EFBC}") = "Application8.Server", "Application8\Application8.Server\Application8.Server.csproj", "{B0BC170C-DA6B-4B9C-B431-CC2991FA1E4F}"
EndProject
Project("{262852C6-CD72-467D-83FE-5EEB1973A190}") = "Application8.HTMLClient", "Application8\Application8.HTMLClient\Application8.HTMLClient.jsproj", "{268B0EA5-99AB-4B67-88C2-C2F2CEBB24D9}"
EndProject
Global
	GlobalSection(SolutionConfigurationPlatforms) = preSolution
		Debug|Any CPU = Debug|Any CPU
		Release|Any CPU = Release|Any CPU
	EndGlobalSection
	GlobalSection(ProjectConfigurationPlatforms) = postSolution
		{672ADBC1-6694-4744-9EBE-B49A50EC4E8F}.Debug|Any CPU.ActiveCfg = Debug|Any CPU
		{672ADBC1-6694-4744-9EBE-B49A50EC4E8F}.Debug|Any CPU.Build.0 = Debug|Any CPU
		{672ADBC1-6694-4744-9EBE-B49A50EC4E8F}.Release|Any CPU.ActiveCfg = Release|Any CPU
		{672ADBC1-6694-4744-9EBE-B49A50EC4E8F}.Release|Any CPU.Build.0 = Release|Any CPU
		{B0BC170C-DA6B-4B9C-B431-CC2991FA1E4F}.Debug|Any CPU.ActiveCfg = Debug|Any CPU
		{B0BC170C-DA6B-4B9C-B431-CC2991FA1E4F}.Debug|Any CPU.Build.0 = Debug|Any CPU
		{B0BC170C-DA6B-4B9C-B431-CC2991FA1E4F}.Release|Any CPU.ActiveCfg = Release|Any CPU
		{B0BC170C-DA6B-4B9C-B431-CC2991FA1E4F}.Release|Any CPU.Build.0 = Release|Any CPU
		{268B0EA5-99AB-4B67-88C2-C2F2CEBB24D9}.Debug|Any CPU.ActiveCfg = Debug|Any CPU
		{268B0EA5-99AB-4B67-88C2-C2F2CEBB24D9}.Debug|Any CPU.Build.0 = Debug|Any CPU
		{268B0EA5-99AB-4B67-88C2-C2F2CEBB24D9}.Release|Any CPU.ActiveCfg = Release|Any CPU
		{268B0EA5-99AB-4B67-88C2-C2F2CEBB24D9}.Release|Any CPU.Build.0 = Release|Any CPU
	EndGlobalSection
	GlobalSection(SolutionProperties) = preSolution
		HideSolutionNode = FALSE
	EndGlobalSection
EndGlobal
